
Microsoft Visual Studio Solution File, Format Version 12.00
Project("{FAE04EC0-301F-11D3-BF4B-00C04F79EFBC}") = "Day04", "Day04\Day04.csproj", "{735BDBE3-0D99-4481-90FC-9BB10F64EEAD}"
EndProject
Global
	GlobalSection(SolutionConfigurationPlatforms) = preSolution
		Debug|Any CPU = Debug|Any CPU
		Release|Any CPU = Release|Any CPU
	EndGlobalSection
	GlobalSection(ProjectConfigurationPlatforms) = postSolution
		{735BDBE3-0D99-4481-90FC-9BB10F64EEAD}.Debug|Any CPU.ActiveCfg = Debug|Any CPU
		{735BDBE3-0D99-4481-90FC-9BB10F64EEAD}.Debug|Any CPU.Build.0 = Debug|Any CPU
		{735BDBE3-0D99-4481-90FC-9BB10F64EEAD}.Release|Any CPU.ActiveCfg = Release|Any CPU
		{735BDBE3-0D99-4481-90FC-9BB10F64EEAD}.Release|Any CPU.Build.0 = Release|Any CPU
	EndGlobalSection
EndGlobal
